

# Copyright 2019 Google Inc.

#

# Licensed under the Apache License, Version 2.0 (the "License");

# you may not use this file except in compliance with the License.

# You may obtain a copy of the License at

#

#         http://www.apache.org/licenses/LICENSE-2.0

#

# Unless required by applicable law or agreed to in writing, software

# distributed under the License is distributed on an "AS IS" BASIS,

# WITHOUT WARRANTIES OR CONDITIONS OF ANY KIND, either express or implied.

# See the License for the specific language governing permissions and

# limitations under the License.

steps:

- name: gcr.io/cloud-builders/git

  args: ['clone', 'https://github.com/gpoc-bi/poc.git']

  id: 'check-out-source-code'

#- name: gcr.io/cloud-builders/gsutil

#  args: ['cp', 'pyspark-job.py', 'gs://cicd-files/pyspark-job-new.py']

#  dir: 'cicd-pyspark'

#  id: 'cicd-newjob-bucket'

- name: gcr.io/cloud-builders/gsutil

  args: ['cp', 'device_unlock_dag.py', 'gs://europe-west1-gcp-poc-compos-1f9cfc67-bucket/dags/new_device_unlock_dag.py']

  dir: 'poc/'

  id: 'cicd-copy-day-gsbucket'

#- name: gcr.io/cloud-builders/gcloud

#  args: ['dataproc','jobs', 'submit', 'pyspark','gs://cicd-files/pyspark-job-new.py', '--cluster','cicd-demo-cluster',  '--jars','gs://spark-lib/bigquery/spark-bigquery-latest.jar','--region','us-central1']

- name: gcr.io/cloud-builders/gcloud

  args: ['composer', 'environments', 'run', 'gcp-poc-composer', '--location', 'europe-west1', 'trigger_dag', '--', 'Device_unlock_run_g']

  id: 'trigger-pipeline-execution'

##- name: 'gcr.io/cloud-solutions-images/apache-airflow:1.10'

#  entrypoint: 'python'

#  args: ['gs://us-central1-data-pipeline-c-6f117ebe-bucket/dags/new-dag.py']

#  id: 'run-dag-via-trigger'=
